github.com/Motmedel/utils_go v0.0.489 h1:VrmlTLU1XsSvrRObqov864M8kiwHrc/ykmWpjFtG+Ys=
github.com/Motmedel/utils_go v0.0.489/go.mod h1:OW6mJSOYgP8XP7NEqsAlfKP5U6OyR6oTI/Z/SZsxmpw=
github.com/Motmedel/utils_go/pkg/http/mux v0.0.189 h1:Jqj/FwpdmSAIRxJT0oTM2fuSMfOoHkvfNLSiKt1x+b8=
github.com/Motmedel/utils_go/pkg/http/mux v0.0.189/go.mod h1:GaiVp6LBw+HynL5EhbiJYZMb0OVn1x7EKj0Q3J3UVzA=
github.com/vphpersson/type_generation v0.0.32 h1:7Gbqx+s5kzePbjP6u8QBkkUYBswfyoSHgMgJdXrtwzY=
github.com/vphpersson/type_generation v0.0.32/go.mod h1:RDfQgNTY6Y4oPPwVGav5fdmfuODHpa7wvbN+vienuH8=
golang.org/x/sync v0.19.0 h1:vV+1eWNmZ5geRlYjzm2adRgW2/mcpevXNg50YZtPCE4=
golang.org/x/sync v0.19.0/go.mod h1:9KTHXmSnoGruLpwFjVSX0lNNA75CykiMECbovNTZqGI=
golang.org/x/text v0.34.0 h1:oL/Qq0Kdaqxa1KbNeMKwQq0reLCCaFtqu2eNuSeNHbk=
golang.org/x/text v0.34.0/go.mod h1:homfLqTYRFyVYemLBFl5GgL/DWEiH5wcsQ5gSh1yziA=
