github.com/Motmedel/utils_go v0.0.297 h1:nhcTaFioYyNDon78a2z6S5b04FyyaqTt8nuCY/TlbHA=
github.com/Motmedel/utils_go v0.0.297/go.mod h1:kKm8jM7GA8M7ICIImi5etOMixRgQfnStBPjEoCMTgbg=
github.com/Motmedel/utils_go/pkg/http/mux v0.0.124 h1:kYfbzuHR+4sW+7hIiZv2jq9EeA5LmoOQC6+gwAiM0Wk=
github.com/Motmedel/utils_go/pkg/http/mux v0.0.124/go.mod h1:720ycaP/aYQLLSwAW1e9P6ZoYgKwbHCwmraP9MiwJm0=
github.com/Motmedel/utils_go/pkg/http/problem_detail v1.0.5 h1:W10vCKqxk8wwxvlXDD7+PA57RKZx/oOXp7fvQ/a09ag=
github.com/Motmedel/utils_go/pkg/http/problem_detail v1.0.5/go.mod h1:NVtWalWHHrewsfTkYjUQCaR4LqKeylOX6QOFoEadAx8=
github.com/altshiftab/gcp_utils v0.0.7 h1:lLCCZ7zqnxYmX3irHLhwMA/SkFfu/v+Hq9XBsP3YfJI=
github.com/altshiftab/gcp_utils/pkg/http v0.0.31 h1:vtc2s1jCXcwDuycRknFSBULKIvGnnI+eO2SU2+IlGdo=
github.com/altshiftab/gcp_utils/pkg/http v0.0.31/go.mod h1:bo6EUtjkJZ0z38EXHw5yQMeQNIvBI2JKcaWZ7NabyZg=
github.com/google/uuid v1.6.0 h1:NIvaJDMOsjHA8n1jAhLSgzrAzy1Hgr+hNrb57e+94F0=
github.com/google/uuid v1.6.0/go.mod h1:TIyPZe4MgqvfeYDBFedMoGGpEw/LqOeaOT+nhxU+yHo=
github.com/vphpersson/type_generation v0.0.14 h1:Nqm/b3xn5jonMQELWqusCBfk2EHNxlgpPfqMJceVzMA=
github.com/vphpersson/type_generation v0.0.14/go.mod h1:9aqkYhohjbI3Azj4BaYaEKujktJAkRGoCe0jzZtes/w=
golang.org/x/text v0.30.0 h1:yznKA/E9zq54KzlzBEAWn1NXSQ8DIp/NYMy88xJjl4k=
golang.org/x/text v0.30.0/go.mod h1:yDdHFIX9t+tORqspjENWgzaCVXgk0yYnYuSZ8UzzBVM=
golang.org/x/text v0.31.0 h1:aC8ghyu4JhP8VojJ2lEHBnochRno1sgL6nEi9WGFGMM=
golang.org/x/text v0.31.0/go.mod h1:tKRAlv61yKIjGGHX/4tP1LTbc13YSec1pxVEWXzfoeM=
