github.com/Motmedel/parsing_utils v0.0.5 h1:yBz2mEW6M0K7cD1mdpaXRm1EBT/LRNmzcb9mbHfYpBQ=
github.com/Motmedel/parsing_utils v0.0.5/go.mod h1:H7i7482IUbHd3duFgTUEG0FtcgsSXCSw11yXnetGUvk=
github.com/Motmedel/utils_go v0.0.333 h1:aEGxTvwb2G5cWJfFitxyjcKoJW43aY51UYoeLeOjdko=
github.com/Motmedel/utils_go v0.0.333/go.mod h1:st9wrD7tyw4AM64tOD7rs0vO7tMxmXQC1Apm48B+4Q4=
github.com/Motmedel/utils_go/pkg/http/mux v0.0.141 h1:HtxqzmxzvJe+PHvsN836Mx45b0/XXD+gBmgFjL0yNys=
github.com/Motmedel/utils_go/pkg/http/mux v0.0.141/go.mod h1:hsbeM7VvOA1BhjkbYkKAxA10M7gN3dM+2buLNax0eNc=
github.com/Motmedel/utils_go/pkg/http/mux/utils/client_side_encryption v0.0.5 h1:8deAGtN91L6wbu1w4HJL7oC5eWyecGWAE8hGadDNob8=
github.com/Motmedel/utils_go/pkg/http/mux/utils/client_side_encryption v0.0.5/go.mod h1:20eGNAheHQiSHad86yJKMLVDinzOy0ALcuJ2vdqduVQ=
github.com/Motmedel/utils_go/pkg/http/mux/utils/json/schema v0.0.19 h1:bOhvLXhEEZacL5wce9swXwhgbggRSF6I5Y3bkJ2MK0M=
github.com/Motmedel/utils_go/pkg/http/mux/utils/json/schema v0.0.19/go.mod h1:wu6XBbJ2a8TtI8F1eX9AkYtx/fa+lPykEW9QF6ItMqo=
github.com/Motmedel/utils_go/pkg/http/parsing/headers v0.0.33 h1:xvx6633a6dG2KgoQ8HygDWdv9LDWUuwvRBVsi8BgGcA=
github.com/Motmedel/utils_go/pkg/http/parsing/headers v0.0.33/go.mod h1:1CI3HeneR+CFGiDqvOjU5WbIluDIo+IrST3fLKXtKmk=
github.com/Motmedel/utils_go/pkg/http/problem_detail v1.0.5 h1:W10vCKqxk8wwxvlXDD7+PA57RKZx/oOXp7fvQ/a09ag=
github.com/Motmedel/utils_go/pkg/http/problem_detail v1.0.5/go.mod h1:NVtWalWHHrewsfTkYjUQCaR4LqKeylOX6QOFoEadAx8=
github.com/Motmedel/utils_go/pkg/net/domain_breakdown v0.0.5 h1:57lx54tX6LbHjMNv0qGnwQB/eo7axhbDnd6rVWyWjxc=
github.com/Motmedel/utils_go/pkg/net/domain_breakdown v0.0.5/go.mod h1:sRPKDiIl1+iQ0eT9amSQKzBdFWDFXtxi32mEvBPm4BU=
github.com/altshiftab/gcp_utils/pkg/http/login v0.0.24 h1:m8WoyCQv5nOdbtq0ebmNELOr1+CFLe7p+MXusI7eiZI=
github.com/altshiftab/gcp_utils/pkg/http/login v0.0.24/go.mod h1:RKHuogMOpeaPwTjJ5i+VkBytplTi5N8KQh+UOaYv63o=
github.com/altshiftab/jsonschema v0.0.7 h1:T45J8d4yu8RTst3dqr7S7ngFgA5N8eFtS5gLK3/QDGQ=
github.com/altshiftab/jsonschema v0.0.7/go.mod h1:uCj8wwB06Y2qWRszBMlbUYvT1toO/l2mfqj+MQ0eUB4=
github.com/coreos/go-oidc v2.4.0+incompatible h1:xjdlhLWXcINyUJgLQ9I76g7osgC2goiL6JDXS6Fegjk=
github.com/coreos/go-oidc v2.4.0+incompatible/go.mod h1:CgnwVTmzoESiwO9qyAFEMiHoZ1nMCKZlZ9V6mm3/LKc=
github.com/davecgh/go-spew v1.1.0/go.mod h1:J7Y8YcW2NihsgmVo/mv3lAwl/skON4iLHjSsI+c5H38=
github.com/davecgh/go-spew v1.1.1 h1:vj9j/u1bqnvCEfJOwUhtlOARqs3+rkHYY13jYWTU97c=
github.com/davecgh/go-spew v1.1.1/go.mod h1:J7Y8YcW2NihsgmVo/mv3lAwl/skON4iLHjSsI+c5H38=
github.com/gammazero/deque v1.2.0 h1:scEFO8Uidhw6KDU5qg1HA5fYwM0+us2qdeJqm43bitU=
github.com/gammazero/deque v1.2.0/go.mod h1:JVrR+Bj1NMQbPnYclvDlvSX0nVGReLrQZ0aUMuWLctg=
github.com/go-jose/go-jose/v4 v4.1.3 h1:CVLmWDhDVRa6Mi/IgCgaopNosCaHz7zrMeF9MlZRkrs=
github.com/go-jose/go-jose/v4 v4.1.3/go.mod h1:x4oUasVrzR7071A4TnHLGSPpNOm2a21K9Kf04k1rs08=
github.com/google/go-cmp v0.7.0 h1:wk8382ETsv4JYUZwIsn6YpYiWiBsYLSJiTsyBybVuN8=
github.com/google/go-cmp v0.7.0/go.mod h1:pXiqmnSA92OHEEa9HXL2W4E7lf9JzCmGVUdgjX3N/iU=
github.com/google/uuid v1.6.0 h1:NIvaJDMOsjHA8n1jAhLSgzrAzy1Hgr+hNrb57e+94F0=
github.com/google/uuid v1.6.0/go.mod h1:TIyPZe4MgqvfeYDBFedMoGGpEw/LqOeaOT+nhxU+yHo=
github.com/hashicorp/go-uuid v1.0.3 h1:2gKiV6YVmrJ1i2CKKa9obLvRieoRGviZFL26PcT/Co8=
github.com/hashicorp/go-uuid v1.0.3/go.mod h1:6SBZvOh/SIDV7/2o3Jml5SYk/TvGqwFJ/bN7x4byOro=
github.com/pandatix/go-abnf v0.4.0 h1:DibsWIusLxzGHE7qDR1SKtw0JNsELK5wdv6epQhbthk=
github.com/pandatix/go-abnf v0.4.0/go.mod h1:tk1wuyudYVbz8j9YAShvNzuWkSzrAwPhKITbqR0+TlE=
github.com/pmezard/go-difflib v1.0.0 h1:4DBwDE0NGyQoBHbLQYPwSUPoCMWR5BEzIk/f1lZbAQM=
github.com/pmezard/go-difflib v1.0.0/go.mod h1:iKH77koFhYxTK1pcRnkKkqfTogsbg7gZNVY4sRDYZ/4=
github.com/pquerna/cachecontrol v0.2.0 h1:vBXSNuE5MYP9IJ5kjsdo8uq+w41jSPgvba2DEnkRx9k=
github.com/pquerna/cachecontrol v0.2.0/go.mod h1:NrUG3Z7Rdu85UNR3vm7SOsl1nFIeSiQnrHV5K9mBcUI=
github.com/stretchr/objx v0.1.0/go.mod h1:HFkY916IF+rwdDfMAkV7OtwuqBVzrE8GR6GFx+wExME=
github.com/stretchr/testify v1.6.1/go.mod h1:6Fq8oRcR53rry900zMqJjRRixrwX3KX962/h/Wwjteg=
github.com/stretchr/testify v1.11.1 h1:7s2iGBzp5EwR7/aIZr8ao5+dra3wiQyKjjFuvgVKu7U=
github.com/stretchr/testify v1.11.1/go.mod h1:wZwfW3scLgRK+23gO65QZefKpKQRnfz6sD981Nm4B6U=
github.com/vphpersson/type_generation v0.0.18 h1:JCWXiXjJhr4F2N4s3iJPFh0LC8BeIF8yE/5ZzYyv+4w=
github.com/vphpersson/type_generation v0.0.18/go.mod h1:Lpm4QpqO/5GJ/KZTucJeKLhDfoSOVjRtf24940t+PrY=
golang.org/x/crypto v0.44.0 h1:A97SsFvM3AIwEEmTBiaxPPTYpDC47w720rdiiUvgoAU=
golang.org/x/crypto v0.44.0/go.mod h1:013i+Nw79BMiQiMsOPcVCB5ZIJbYkerPrGnOa00tvmc=
golang.org/x/net v0.47.0 h1:Mx+4dIFzqraBXUugkia1OOvlD6LemFo1ALMHjrXDOhY=
golang.org/x/net v0.47.0/go.mod h1:/jNxtkgq5yWUGYkaZGqo27cfGZ1c5Nen03aYrrKpVRU=
golang.org/x/oauth2 v0.33.0 h1:4Q+qn+E5z8gPRJfmRy7C2gGG3T4jIprK6aSYgTXGRpo=
golang.org/x/oauth2 v0.33.0/go.mod h1:lzm5WQJQwKZ3nwavOZ3IS5Aulzxi68dUSgRHujetwEA=
golang.org/x/text v0.31.0 h1:aC8ghyu4JhP8VojJ2lEHBnochRno1sgL6nEi9WGFGMM=
golang.org/x/text v0.31.0/go.mod h1:tKRAlv61yKIjGGHX/4tP1LTbc13YSec1pxVEWXzfoeM=
gopkg.in/check.v1 v0.0.0-20161208181325-20d25e280405/go.mod h1:Co6ibVJAznAaIkqp8huTwlJQCZ016jof/cbN4VW5Yz0=
gopkg.in/go-jose/go-jose.v2 v2.6.3 h1:nt80fvSDlhKWQgSWyHyy5CfmlQr+asih51R8PTWNKKs=
gopkg.in/go-jose/go-jose.v2 v2.6.3/go.mod h1:zzZDPkNNw/c9IE7Z9jr11mBZQhKQTMzoEEIoEdZlFBI=
gopkg.in/yaml.v3 v3.0.0-20200313102051-9f266ea9e77c/go.mod h1:K4uyk7z7BCEPqu6E+C64Yfv1cQ7kz7rIZviUmN+EgEM=
gopkg.in/yaml.v3 v3.0.1 h1:fxVm/GzAzEWqLHuvctI91KS9hhNmmWOoWu0XTYJS7CA=
gopkg.in/yaml.v3 v3.0.1/go.mod h1:K4uyk7z7BCEPqu6E+C64Yfv1cQ7kz7rIZviUmN+EgEM=
