github.com/Motmedel/parsing_utils v0.0.5 h1:yBz2mEW6M0K7cD1mdpaXRm1EBT/LRNmzcb9mbHfYpBQ=
github.com/Motmedel/parsing_utils v0.0.5/go.mod h1:H7i7482IUbHd3duFgTUEG0FtcgsSXCSw11yXnetGUvk=
github.com/Motmedel/utils_go v0.0.351 h1:HO4JQMt4LPVuA8akpT44cPVV6fZyERznOfqaIbUejLA=
github.com/Motmedel/utils_go v0.0.351/go.mod h1:st9wrD7tyw4AM64tOD7rs0vO7tMxmXQC1Apm48B+4Q4=
github.com/Motmedel/utils_go v0.0.363 h1:KtMHadLgXLBWzTplbvirH9UCMtWwxPfXquCBdLGZWBE=
github.com/Motmedel/utils_go v0.0.363/go.mod h1:st9wrD7tyw4AM64tOD7rs0vO7tMxmXQC1Apm48B+4Q4=
github.com/Motmedel/utils_go/pkg/http/mux v0.0.145 h1:v9ZvmU7X9LC87nSoXZQ93G4NIldKRVph4oXYkRCYK0M=
github.com/Motmedel/utils_go/pkg/http/mux v0.0.145/go.mod h1:WM74wNnBFh21DHLhnJlohoHWoDHBtiPrptTEmZC7K8k=
github.com/Motmedel/utils_go/pkg/http/mux v0.0.153 h1:z52lgctIbihrMYYPmnAhBKVE9OzyuWvStVOa7P1vvmM=
github.com/Motmedel/utils_go/pkg/http/mux v0.0.153/go.mod h1:vICBvT6IR5Vi8Da+B6GGcGDAutzhO4ICNfaLLv8VcVY=
github.com/Motmedel/utils_go/pkg/http/mux/types/body_parser/json_schema_body_parser v0.0.15 h1:w+8f4I6rCAwvQSNlW7V67G3v5ilxS7ve8GtsMbQJ6aQ=
github.com/Motmedel/utils_go/pkg/http/mux/types/body_parser/json_schema_body_parser v0.0.15/go.mod h1:RPKt9pkvGJJTHlmU2LpBcXjEP4LLlYGwScuFKRwrt/4=
github.com/Motmedel/utils_go/pkg/http/mux/utils/client_side_encryption v0.0.5 h1:8deAGtN91L6wbu1w4HJL7oC5eWyecGWAE8hGadDNob8=
github.com/Motmedel/utils_go/pkg/http/mux/utils/client_side_encryption v0.0.5/go.mod h1:20eGNAheHQiSHad86yJKMLVDinzOy0ALcuJ2vdqduVQ=
github.com/Motmedel/utils_go/pkg/http/parsing/headers v0.0.33 h1:xvx6633a6dG2KgoQ8HygDWdv9LDWUuwvRBVsi8BgGcA=
github.com/Motmedel/utils_go/pkg/http/parsing/headers v0.0.33/go.mod h1:1CI3HeneR+CFGiDqvOjU5WbIluDIo+IrST3fLKXtKmk=
github.com/Motmedel/utils_go/pkg/http/problem_detail v1.0.5 h1:W10vCKqxk8wwxvlXDD7+PA57RKZx/oOXp7fvQ/a09ag=
github.com/Motmedel/utils_go/pkg/http/problem_detail v1.0.5/go.mod h1:NVtWalWHHrewsfTkYjUQCaR4LqKeylOX6QOFoEadAx8=
github.com/Motmedel/utils_go/pkg/http/types/problem_detail v1.0.8 h1:VpIoHN9i5FUljZnf28JSSnMcF+RxU8KeY4UQHrAOhng=
github.com/Motmedel/utils_go/pkg/http/types/problem_detail v1.0.8/go.mod h1:zH1Ox51uchMVH2Xlg/jM5DhBD+FFnZZ138ypOQdOUl8=
github.com/altshiftab/gcp_utils/pkg/http/login v0.0.25 h1:Zw6sn+U8oGyx7svZO7e5f8YJgGPkQvBFc0Q7k5SF8AA=
github.com/altshiftab/gcp_utils/pkg/http/login v0.0.25/go.mod h1:ywkODWW+w/fiSWPP66aZqubF1o3P6n4GWSrYgY6n9Kg=
github.com/altshiftab/gcp_utils/pkg/http/login v0.0.26 h1:irt9lWUnWYOX2Z4kbcMiRFiOE+BrUCtEpTtR8j2+mi8=
github.com/altshiftab/gcp_utils/pkg/http/login v0.0.26/go.mod h1:fCd0QPyLknJ6pO0EjQRXefRTrcowKyg8EO4VlN609E0=
github.com/altshiftab/jsonschema v0.0.10 h1:l/4Goix5wAjneBdV7nihMC+9LZ0gMIcRj7a9s66Rxag=
github.com/altshiftab/jsonschema v0.0.10/go.mod h1:OitEpUFBrm33LR9fMZk8dKDQVuMqVGaOpMY3Rhp53EM=
github.com/coreos/go-oidc v2.4.0+incompatible h1:xjdlhLWXcINyUJgLQ9I76g7osgC2goiL6JDXS6Fegjk=
github.com/coreos/go-oidc v2.4.0+incompatible/go.mod h1:CgnwVTmzoESiwO9qyAFEMiHoZ1nMCKZlZ9V6mm3/LKc=
github.com/davecgh/go-spew v1.1.0/go.mod h1:J7Y8YcW2NihsgmVo/mv3lAwl/skON4iLHjSsI+c5H38=
github.com/davecgh/go-spew v1.1.1 h1:vj9j/u1bqnvCEfJOwUhtlOARqs3+rkHYY13jYWTU97c=
github.com/davecgh/go-spew v1.1.1/go.mod h1:J7Y8YcW2NihsgmVo/mv3lAwl/skON4iLHjSsI+c5H38=
github.com/gammazero/deque v1.2.0 h1:scEFO8Uidhw6KDU5qg1HA5fYwM0+us2qdeJqm43bitU=
github.com/gammazero/deque v1.2.0/go.mod h1:JVrR+Bj1NMQbPnYclvDlvSX0nVGReLrQZ0aUMuWLctg=
github.com/go-jose/go-jose/v4 v4.1.3 h1:CVLmWDhDVRa6Mi/IgCgaopNosCaHz7zrMeF9MlZRkrs=
github.com/go-jose/go-jose/v4 v4.1.3/go.mod h1:x4oUasVrzR7071A4TnHLGSPpNOm2a21K9Kf04k1rs08=
github.com/google/go-cmp v0.7.0 h1:wk8382ETsv4JYUZwIsn6YpYiWiBsYLSJiTsyBybVuN8=
github.com/google/go-cmp v0.7.0/go.mod h1:pXiqmnSA92OHEEa9HXL2W4E7lf9JzCmGVUdgjX3N/iU=
github.com/google/uuid v1.6.0 h1:NIvaJDMOsjHA8n1jAhLSgzrAzy1Hgr+hNrb57e+94F0=
github.com/google/uuid v1.6.0/go.mod h1:TIyPZe4MgqvfeYDBFedMoGGpEw/LqOeaOT+nhxU+yHo=
github.com/hashicorp/go-uuid v1.0.3 h1:2gKiV6YVmrJ1i2CKKa9obLvRieoRGviZFL26PcT/Co8=
github.com/hashicorp/go-uuid v1.0.3/go.mod h1:6SBZvOh/SIDV7/2o3Jml5SYk/TvGqwFJ/bN7x4byOro=
github.com/pandatix/go-abnf v0.4.0 h1:DibsWIusLxzGHE7qDR1SKtw0JNsELK5wdv6epQhbthk=
github.com/pandatix/go-abnf v0.4.0/go.mod h1:tk1wuyudYVbz8j9YAShvNzuWkSzrAwPhKITbqR0+TlE=
github.com/pmezard/go-difflib v1.0.0 h1:4DBwDE0NGyQoBHbLQYPwSUPoCMWR5BEzIk/f1lZbAQM=
github.com/pmezard/go-difflib v1.0.0/go.mod h1:iKH77koFhYxTK1pcRnkKkqfTogsbg7gZNVY4sRDYZ/4=
github.com/pquerna/cachecontrol v0.2.0 h1:vBXSNuE5MYP9IJ5kjsdo8uq+w41jSPgvba2DEnkRx9k=
github.com/pquerna/cachecontrol v0.2.0/go.mod h1:NrUG3Z7Rdu85UNR3vm7SOsl1nFIeSiQnrHV5K9mBcUI=
github.com/stretchr/objx v0.1.0/go.mod h1:HFkY916IF+rwdDfMAkV7OtwuqBVzrE8GR6GFx+wExME=
github.com/stretchr/testify v1.6.1/go.mod h1:6Fq8oRcR53rry900zMqJjRRixrwX3KX962/h/Wwjteg=
github.com/stretchr/testify v1.11.1 h1:7s2iGBzp5EwR7/aIZr8ao5+dra3wiQyKjjFuvgVKu7U=
github.com/stretchr/testify v1.11.1/go.mod h1:wZwfW3scLgRK+23gO65QZefKpKQRnfz6sD981Nm4B6U=
github.com/vphpersson/type_generation v0.0.19 h1:qfBrstvL7zU2L3FhbKRRXNo7NRAxhEq57MvZQDRC40o=
github.com/vphpersson/type_generation v0.0.19/go.mod h1:dW9XiPlp+2Qx5Rg3L8q05dhtOYr1f2bvNQGtanzm0PA=
golang.org/x/crypto v0.47.0 h1:V6e3FRj+n4dbpw86FJ8Fv7XVOql7TEwpHapKoMJ/GO8=
golang.org/x/crypto v0.47.0/go.mod h1:ff3Y9VzzKbwSSEzWqJsJVBnWmRwRSHt/6Op5n9bQc4A=
golang.org/x/net v0.49.0 h1:eeHFmOGUTtaaPSGNmjBKpbng9MulQsJURQUAfUwY++o=
golang.org/x/net v0.49.0/go.mod h1:/ysNB2EvaqvesRkuLAyjI1ycPZlQHM3q01F02UY/MV8=
golang.org/x/oauth2 v0.33.0 h1:4Q+qn+E5z8gPRJfmRy7C2gGG3T4jIprK6aSYgTXGRpo=
golang.org/x/oauth2 v0.33.0/go.mod h1:lzm5WQJQwKZ3nwavOZ3IS5Aulzxi68dUSgRHujetwEA=
golang.org/x/oauth2 v0.34.0 h1:hqK/t4AKgbqWkdkcAeI8XLmbK+4m4G5YeQRrmiotGlw=
golang.org/x/oauth2 v0.34.0/go.mod h1:lzm5WQJQwKZ3nwavOZ3IS5Aulzxi68dUSgRHujetwEA=
golang.org/x/sync v0.19.0 h1:vV+1eWNmZ5geRlYjzm2adRgW2/mcpevXNg50YZtPCE4=
golang.org/x/sync v0.19.0/go.mod h1:9KTHXmSnoGruLpwFjVSX0lNNA75CykiMECbovNTZqGI=
golang.org/x/text v0.33.0 h1:B3njUFyqtHDUI5jMn1YIr5B0IE2U0qck04r6d4KPAxE=
golang.org/x/text v0.33.0/go.mod h1:LuMebE6+rBincTi9+xWTY8TztLzKHc/9C1uBCG27+q8=
gopkg.in/check.v1 v0.0.0-20161208181325-20d25e280405/go.mod h1:Co6ibVJAznAaIkqp8huTwlJQCZ016jof/cbN4VW5Yz0=
gopkg.in/go-jose/go-jose.v2 v2.6.3 h1:nt80fvSDlhKWQgSWyHyy5CfmlQr+asih51R8PTWNKKs=
gopkg.in/go-jose/go-jose.v2 v2.6.3/go.mod h1:zzZDPkNNw/c9IE7Z9jr11mBZQhKQTMzoEEIoEdZlFBI=
gopkg.in/yaml.v3 v3.0.0-20200313102051-9f266ea9e77c/go.mod h1:K4uyk7z7BCEPqu6E+C64Yfv1cQ7kz7rIZviUmN+EgEM=
gopkg.in/yaml.v3 v3.0.1 h1:fxVm/GzAzEWqLHuvctI91KS9hhNmmWOoWu0XTYJS7CA=
gopkg.in/yaml.v3 v3.0.1/go.mod h1:K4uyk7z7BCEPqu6E+C64Yfv1cQ7kz7rIZviUmN+EgEM=
