github.com/Motmedel/parsing_utils v0.0.4 h1:bO8LTo9HiIa9MYIKia1Jg5MMrCUVNCGj7eH2P3iipxk=
github.com/Motmedel/parsing_utils v0.0.4/go.mod h1:HC0h9wnTMj7ToDdaYNyp7XnJYdfXx+izbTZ5IYWS1EY=
github.com/Motmedel/utils_go v0.0.219 h1:smIK1sib6UbF2bPvB0xN1auvfBgqzY5gpJTJFbXVvww=
github.com/Motmedel/utils_go v0.0.219/go.mod h1:kKm8jM7GA8M7ICIImi5etOMixRgQfnStBPjEoCMTgbg=
github.com/Motmedel/utils_go/pkg/http/mux v0.0.76 h1:1izKme5iXCbqJLQGrA4BbhWVZMginYf/fz88KezG/A4=
github.com/Motmedel/utils_go/pkg/http/mux v0.0.76/go.mod h1:Lq0nmw4lvnrW151ghHXANdN58ewnsdHBxpvSVEYV53o=
github.com/Motmedel/utils_go/pkg/http/parsing/headers v0.0.23 h1:kqfNrS9E8Wv1XIELbcK5BEEPPK26oB8XBPpK/QNd8OA=
github.com/Motmedel/utils_go/pkg/http/parsing/headers v0.0.23/go.mod h1:0NsaCYHhxB2yfbNg+LgC93AJu3XijlSLWUNL6QHUZ0A=
github.com/Motmedel/utils_go/pkg/http/problem_detail v1.0.5 h1:W10vCKqxk8wwxvlXDD7+PA57RKZx/oOXp7fvQ/a09ag=
github.com/Motmedel/utils_go/pkg/http/problem_detail v1.0.5/go.mod h1:NVtWalWHHrewsfTkYjUQCaR4LqKeylOX6QOFoEadAx8=
github.com/Motmedel/utils_go/pkg/net/domain_breakdown v0.0.5 h1:57lx54tX6LbHjMNv0qGnwQB/eo7axhbDnd6rVWyWjxc=
github.com/Motmedel/utils_go/pkg/net/domain_breakdown v0.0.5/go.mod h1:sRPKDiIl1+iQ0eT9amSQKzBdFWDFXtxi32mEvBPm4BU=
github.com/altshiftab/gcp_utils v0.0.5 h1:MfSxBqM+fc7peiUH9zSOwJdCLi3m0YTCIbvVkkINKrs=
github.com/altshiftab/gcp_utils v0.0.5/go.mod h1:RQ7WyytOF87xW6lxDWl9SECky0p9wURrbd/Ayy3r9pE=
github.com/davecgh/go-spew v1.1.1 h1:vj9j/u1bqnvCEfJOwUhtlOARqs3+rkHYY13jYWTU97c=
github.com/davecgh/go-spew v1.1.1/go.mod h1:J7Y8YcW2NihsgmVo/mv3lAwl/skON4iLHjSsI+c5H38=
github.com/gammazero/deque v1.0.0 h1:LTmimT8H7bXkkCy6gZX7zNLtkbz4NdS2z8LZuor3j34=
github.com/gammazero/deque v1.0.0/go.mod h1:iflpYvtGfM3U8S8j+sZEKIak3SAKYpA5/SQewgfXDKo=
github.com/google/go-cmp v0.7.0 h1:wk8382ETsv4JYUZwIsn6YpYiWiBsYLSJiTsyBybVuN8=
github.com/google/go-cmp v0.7.0/go.mod h1:pXiqmnSA92OHEEa9HXL2W4E7lf9JzCmGVUdgjX3N/iU=
github.com/google/uuid v1.6.0 h1:NIvaJDMOsjHA8n1jAhLSgzrAzy1Hgr+hNrb57e+94F0=
github.com/google/uuid v1.6.0/go.mod h1:TIyPZe4MgqvfeYDBFedMoGGpEw/LqOeaOT+nhxU+yHo=
github.com/pandatix/go-abnf v0.1.8 h1:PLloZXyMZLX1P4550QlFcvw2djym8zpkQIyKByLVcag=
github.com/pandatix/go-abnf v0.1.8/go.mod h1:dv/sWix/t0zGI/gmXwnDrAkpS1pGGqXfoYSwknM4uwQ=
github.com/pmezard/go-difflib v1.0.0 h1:4DBwDE0NGyQoBHbLQYPwSUPoCMWR5BEzIk/f1lZbAQM=
github.com/pmezard/go-difflib v1.0.0/go.mod h1:iKH77koFhYxTK1pcRnkKkqfTogsbg7gZNVY4sRDYZ/4=
github.com/stretchr/testify v1.10.0 h1:Xv5erBjTwe/5IxqUQTdXv5kgmIvbHo3QQyRwhJsOfJA=
github.com/stretchr/testify v1.10.0/go.mod h1:r2ic/lqez/lEtzL7wO/rwa5dbSLXVDPFyf8C91i36aY=
golang.org/x/net v0.40.0 h1:79Xs7wF06Gbdcg4kdCCIQArK11Z1hr5POQ6+fIYHNuY=
golang.org/x/net v0.40.0/go.mod h1:y0hY0exeL2Pku80/zKK7tpntoX23cqL3Oa6njdgRtds=
golang.org/x/sync v0.12.0 h1:MHc5BpPuC30uJk597Ri8TV3CNZcTLu6B6z4lJy+g6Jw=
golang.org/x/sync v0.12.0/go.mod h1:1dzgHSNfp02xaA81J2MS99Qcpr2w7fw1gpm99rleRqA=
gopkg.in/yaml.v3 v3.0.1 h1:fxVm/GzAzEWqLHuvctI91KS9hhNmmWOoWu0XTYJS7CA=
gopkg.in/yaml.v3 v3.0.1/go.mod h1:K4uyk7z7BCEPqu6E+C64Yfv1cQ7kz7rIZviUmN+EgEM=
