github.com/Motmedel/ecs_go v0.0.64 h1:kPNe5ANQV2eUgyZcZ6awwJ1trT5+/HEeNdocBy+ME7M=
github.com/Motmedel/ecs_go v0.0.64/go.mod h1:iNTjkW+iqd/TlgOnoRnOpqOrB+uCbGckYGtj2fEuztE=
github.com/Motmedel/gcp_logging_go v0.0.8 h1:WUM3QlCry8QNyKTy3rjPi4EvfVzIjVmv5SSCfyZ1XhA=
github.com/Motmedel/gcp_logging_go v0.0.8/go.mod h1:lMMKPwSEjnz5/14NIBwz4KWPKmVzB4NQGU4my9Uc3v4=
github.com/Motmedel/utils_go v0.0.299 h1:NVB0PNwlgKNKQNIgN8gPGbIWmniwjectDtqliE+9TX0=
github.com/Motmedel/utils_go v0.0.299/go.mod h1:kKm8jM7GA8M7ICIImi5etOMixRgQfnStBPjEoCMTgbg=
github.com/Motmedel/utils_go/pkg/http/log v0.0.6 h1:L9l0XeJpFLLjUeB9Ss9k7oJX86GVbHRsEc94g2vXCa0=
github.com/Motmedel/utils_go/pkg/http/log v0.0.6/go.mod h1:4+aDt4ViykIKQo/8H8jXnEmfRYQ4bKLV52ullPVeUTg=
github.com/Motmedel/utils_go/pkg/net/domain_breakdown v0.0.5 h1:57lx54tX6LbHjMNv0qGnwQB/eo7axhbDnd6rVWyWjxc=
github.com/Motmedel/utils_go/pkg/net/domain_breakdown v0.0.5/go.mod h1:sRPKDiIl1+iQ0eT9amSQKzBdFWDFXtxi32mEvBPm4BU=
github.com/altshiftab/gcp_utils v0.0.7 h1:lLCCZ7zqnxYmX3irHLhwMA/SkFfu/v+Hq9XBsP3YfJI=
github.com/altshiftab/gcp_utils v0.0.7/go.mod h1:7VZaO9dkVuKzJeAwK3XMJ7Yk7g8iBSY/Z6I5cq5NvUA=
golang.org/x/net v0.40.0 h1:79Xs7wF06Gbdcg4kdCCIQArK11Z1hr5POQ6+fIYHNuY=
golang.org/x/net v0.40.0/go.mod h1:y0hY0exeL2Pku80/zKK7tpntoX23cqL3Oa6njdgRtds=
