github.com/Motmedel/ecs_go v0.0.53 h1:X9SGxHM3GR2ChLIY6etvu5PGW9tXsi0cP4IdC18JGRw=
github.com/Motmedel/ecs_go v0.0.53/go.mod h1:tBTOQwN77+9yEW7Kjee8H+lEqkY93htiI0I1h4AQ27s=
github.com/Motmedel/gcp_logging_go v0.0.4 h1:iNUZChQ0yzNm1Tid+fxAL7pCV8wfCR8dHkOBe0JWQGE=
github.com/Motmedel/gcp_logging_go v0.0.4/go.mod h1:O3hSKH41cA6EpQQT0bbExDbwaSI/EVbUoI4ERmkNZVI=
github.com/Motmedel/utils_go v0.0.93 h1:cLYmaAH9w39+JoF3s7R6Gk0LnELgKH9nG6+1kiK7dvw=
github.com/Motmedel/utils_go v0.0.93/go.mod h1:3Wry5+hEGzgzLRcBdpU8uhUUSAVJB7NzILiM7i1t7g4=
github.com/Motmedel/utils_go/pkg/net/domain_breakdown v0.0.2 h1:4OQ0i7HWdAYAfazWiCR3Nq3v0of600662uVSZbKafkw=
github.com/Motmedel/utils_go/pkg/net/domain_breakdown v0.0.2/go.mod h1:Nsbl9CZDl0zkwMMFbnMXRzjfubwkVRq45fY1qWvzM7Y=
github.com/altshiftab/gcp_utils v0.0.2 h1:icUCrsmyduQH+6y16TO0og3if6MsO0/rTZA+AoxR8hc=
github.com/altshiftab/gcp_utils v0.0.2/go.mod h1:FOCpqoDBOEMFVaI/CVDBYluwU/nqGKBP7IPwFtaCFRo=
github.com/davecgh/go-spew v1.1.1 h1:vj9j/u1bqnvCEfJOwUhtlOARqs3+rkHYY13jYWTU97c=
github.com/davecgh/go-spew v1.1.1/go.mod h1:J7Y8YcW2NihsgmVo/mv3lAwl/skON4iLHjSsI+c5H38=
github.com/pmezard/go-difflib v1.0.0 h1:4DBwDE0NGyQoBHbLQYPwSUPoCMWR5BEzIk/f1lZbAQM=
github.com/pmezard/go-difflib v1.0.0/go.mod h1:iKH77koFhYxTK1pcRnkKkqfTogsbg7gZNVY4sRDYZ/4=
github.com/stretchr/testify v1.9.0 h1:HtqpIVDClZ4nwg75+f6Lvsy/wHu+3BoSGCbBAcpTsTg=
github.com/stretchr/testify v1.9.0/go.mod h1:r2ic/lqez/lEtzL7wO/rwa5dbSLXVDPFyf8C91i36aY=
golang.org/x/net v0.33.0 h1:74SYHlV8BIgHIFC/LrYkOGIwL19eTYXQ5wc6TBuO36I=
golang.org/x/net v0.33.0/go.mod h1:HXLR5J+9DxmrqMwG9qjGCxZ+zKXxBru04zlTvWlWuN4=
gopkg.in/yaml.v3 v3.0.1 h1:fxVm/GzAzEWqLHuvctI91KS9hhNmmWOoWu0XTYJS7CA=
gopkg.in/yaml.v3 v3.0.1/go.mod h1:K4uyk7z7BCEPqu6E+C64Yfv1cQ7kz7rIZviUmN+EgEM=
snqk.dev/slog/meld v0.0.0-20240701183407-595424398869 h1:oENuFp6jR5CxguMaEDxva238yPL34RbKbRScgf91s3c=
snqk.dev/slog/meld v0.0.0-20240701183407-595424398869/go.mod h1:LizLjEQhfNHJBT1z9jXRAR9DffXh7OsrOngt+dJnPJ0=
