github.com/Motmedel/ecs_go v0.0.55 h1:Ue8iJ3k+bSV5t3z+BN/jGVG3ju7J47qbXjy1Xco7tXc=
github.com/Motmedel/ecs_go v0.0.55/go.mod h1:/GC2IyaRqkRtRPgADrCWBZ2tb/kkn9/Dw6jE73bRXyU=
github.com/Motmedel/gcp_logging_go v0.0.5 h1:/i99Y+iJBsuhBwxU2/F8E+/P7m71+Np+NZ6TYJDVi8A=
github.com/Motmedel/gcp_logging_go v0.0.5/go.mod h1:yuvEhmMwEOueSGava3eHjNIm/1BzYc/3o4a6+BaZLFk=
github.com/Motmedel/utils_go v0.0.192 h1:aMmKdQHZz7BjKHZMausODAGgNM4mBYG0AQ2MX5ohOZI=
github.com/Motmedel/utils_go v0.0.192/go.mod h1:kKm8jM7GA8M7ICIImi5etOMixRgQfnStBPjEoCMTgbg=
github.com/Motmedel/utils_go/pkg/http/log v0.0.4 h1:5/qTl1Gve0CkP6tWhVWKDYT13U1Wb/h0U7YiaJ99ghQ=
github.com/Motmedel/utils_go/pkg/http/log v0.0.4/go.mod h1:VGQu3SV0SU+Sd76rsFUI5ApeEh0bZBPmNT6xmmlZkx8=
github.com/Motmedel/utils_go/pkg/net/domain_breakdown v0.0.3 h1:HFzFdngiLgDTyFmT3Y4GkrzULJI6xyeG/JBlmo28Cvc=
github.com/Motmedel/utils_go/pkg/net/domain_breakdown v0.0.3/go.mod h1:Nb+ubpN7z8g1YbomQR867wwSCngDlRsqCrrJGKLZIOo=
github.com/altshiftab/gcp_utils v0.0.4 h1:vowqM2cnUAG2sB6hSzwBjAYqLl18q8EoOSaOhz0dHAo=
github.com/altshiftab/gcp_utils v0.0.4/go.mod h1:N8OLZk1QRhroR5Ssj88EI22EAWvdOlX1ZWTrweSCpBw=
golang.org/x/net v0.33.0 h1:74SYHlV8BIgHIFC/LrYkOGIwL19eTYXQ5wc6TBuO36I=
golang.org/x/net v0.33.0/go.mod h1:HXLR5J+9DxmrqMwG9qjGCxZ+zKXxBru04zlTvWlWuN4=
